
Microsoft Visual Studio Solution File, Format Version 12.00
# Visual Studio Version 17
VisualStudioVersion = 17.11.35208.52
MinimumVisualStudioVersion = 10.0.40219.1
Project("{9A19103F-16F7-4668-BE54-9A1E7A4F7556}") = "ExamProject_Task", "ExamProject_Task\ExamProject_Task.csproj", "{5E6C2789-2224-422A-9DBE-F3D9CE396D7C}"
EndProject
Global
	GlobalSection(SolutionConfigurationPlatforms) = preSolution
		Debug|Any CPU = Debug|Any CPU
		Release|Any CPU = Release|Any CPU
	EndGlobalSection
	GlobalSection(ProjectConfigurationPlatforms) = postSolution
		{5E6C2789-2224-422A-9DBE-F3D9CE396D7C}.Debug|Any CPU.ActiveCfg = Debug|Any CPU
		{5E6C2789-2224-422A-9DBE-F3D9CE396D7C}.Debug|Any CPU.Build.0 = Debug|Any CPU
		{5E6C2789-2224-422A-9DBE-F3D9CE396D7C}.Release|Any CPU.ActiveCfg = Release|Any CPU
		{5E6C2789-2224-422A-9DBE-F3D9CE396D7C}.Release|Any CPU.Build.0 = Release|Any CPU
	EndGlobalSection
	GlobalSection(SolutionProperties) = preSolution
		HideSolutionNode = FALSE
	EndGlobalSection
	GlobalSection(ExtensibilityGlobals) = postSolution
		SolutionGuid = {61685906-94B3-4E7A-981A-1A4037CCDB85}
	EndGlobalSection
EndGlobal
